
Microsoft Visual Studio Solution File, Format Version 12.00
# Visual Studio Version 17
VisualStudioVersion = 17.10.34916.146
MinimumVisualStudioVersion = 10.0.40219.1
Project("{FAE04EC0-301F-11D3-BF4B-00C04F79EFBC}") = "01_MainSubject", "01_MainSubject\01_MainSubject.csproj", "{33535DF2-3B22-404A-AE88-3C11A6CE50BB}"
EndProject
Project("{FAE04EC0-301F-11D3-BF4B-00C04F79EFBC}") = "02_Veriables", "02_Veriables\02_Veriables.csproj", "{DF64423F-0DB2-438E-829D-7CB747CAD966}"
EndProject
Project("{FAE04EC0-301F-11D3-BF4B-00C04F79EFBC}") = "03_MakingDecision", "03_MakingDecision\03_MakingDecision.csproj", "{C0585361-E0CC-4D85-BD8B-DD88BB11364A}"
EndProject
Project("{FAE04EC0-301F-11D3-BF4B-00C04F79EFBC}") = "04_Loops", "04_Loops\04_Loops.csproj", "{FC7B62B4-3D07-4C59-8053-54BD4A147278}"
EndProject
Project("{FAE04EC0-301F-11D3-BF4B-00C04F79EFBC}") = "05_LoopsWithStars", "05_LoopsWithStars\05_LoopsWithStars.csproj", "{72D486F8-5DEB-4765-A016-C8F6863551C1}"
EndProject
Project("{FAE04EC0-301F-11D3-BF4B-00C04F79EFBC}") = "06_Arrays", "06_Arrays\06_Arrays.csproj", "{98A101D8-77A9-4A15-8877-FFCB524764DE}"
EndProject
Project("{FAE04EC0-301F-11D3-BF4B-00C04F79EFBC}") = "07_ForeachLoop", "07_ForeachLoop\07_ForeachLoop.csproj", "{37A1F636-D58D-4F05-B29E-F92691395C9A}"
EndProject
Project("{FAE04EC0-301F-11D3-BF4B-00C04F79EFBC}") = "08_Methods", "08_Methods\08_Methods.csproj", "{FD8DAE6A-8098-4DF8-952C-1F9E320C1EBD}"
EndProject
Global
	GlobalSection(SolutionConfigurationPlatforms) = preSolution
		Debug|Any CPU = Debug|Any CPU
		Release|Any CPU = Release|Any CPU
	EndGlobalSection
	GlobalSection(ProjectConfigurationPlatforms) = postSolution
		{33535DF2-3B22-404A-AE88-3C11A6CE50BB}.Debug|Any CPU.ActiveCfg = Debug|Any CPU
		{33535DF2-3B22-404A-AE88-3C11A6CE50BB}.Debug|Any CPU.Build.0 = Debug|Any CPU
		{33535DF2-3B22-404A-AE88-3C11A6CE50BB}.Release|Any CPU.ActiveCfg = Release|Any CPU
		{33535DF2-3B22-404A-AE88-3C11A6CE50BB}.Release|Any CPU.Build.0 = Release|Any CPU
		{DF64423F-0DB2-438E-829D-7CB747CAD966}.Debug|Any CPU.ActiveCfg = Debug|Any CPU
		{DF64423F-0DB2-438E-829D-7CB747CAD966}.Debug|Any CPU.Build.0 = Debug|Any CPU
		{DF64423F-0DB2-438E-829D-7CB747CAD966}.Release|Any CPU.ActiveCfg = Release|Any CPU
		{DF64423F-0DB2-438E-829D-7CB747CAD966}.Release|Any CPU.Build.0 = Release|Any CPU
		{C0585361-E0CC-4D85-BD8B-DD88BB11364A}.Debug|Any CPU.ActiveCfg = Debug|Any CPU
		{C0585361-E0CC-4D85-BD8B-DD88BB11364A}.Debug|Any CPU.Build.0 = Debug|Any CPU
		{C0585361-E0CC-4D85-BD8B-DD88BB11364A}.Release|Any CPU.ActiveCfg = Release|Any CPU
		{C0585361-E0CC-4D85-BD8B-DD88BB11364A}.Release|Any CPU.Build.0 = Release|Any CPU
		{FC7B62B4-3D07-4C59-8053-54BD4A147278}.Debug|Any CPU.ActiveCfg = Debug|Any CPU
		{FC7B62B4-3D07-4C59-8053-54BD4A147278}.Debug|Any CPU.Build.0 = Debug|Any CPU
		{FC7B62B4-3D07-4C59-8053-54BD4A147278}.Release|Any CPU.ActiveCfg = Release|Any CPU
		{FC7B62B4-3D07-4C59-8053-54BD4A147278}.Release|Any CPU.Build.0 = Release|Any CPU
		{72D486F8-5DEB-4765-A016-C8F6863551C1}.Debug|Any CPU.ActiveCfg = Debug|Any CPU
		{72D486F8-5DEB-4765-A016-C8F6863551C1}.Debug|Any CPU.Build.0 = Debug|Any CPU
		{72D486F8-5DEB-4765-A016-C8F6863551C1}.Release|Any CPU.ActiveCfg = Release|Any CPU
		{72D486F8-5DEB-4765-A016-C8F6863551C1}.Release|Any CPU.Build.0 = Release|Any CPU
		{98A101D8-77A9-4A15-8877-FFCB524764DE}.Debug|Any CPU.ActiveCfg = Debug|Any CPU
		{98A101D8-77A9-4A15-8877-FFCB524764DE}.Debug|Any CPU.Build.0 = Debug|Any CPU
		{98A101D8-77A9-4A15-8877-FFCB524764DE}.Release|Any CPU.ActiveCfg = Release|Any CPU
		{98A101D8-77A9-4A15-8877-FFCB524764DE}.Release|Any CPU.Build.0 = Release|Any CPU
		{37A1F636-D58D-4F05-B29E-F92691395C9A}.Debug|Any CPU.ActiveCfg = Debug|Any CPU
		{37A1F636-D58D-4F05-B29E-F92691395C9A}.Debug|Any CPU.Build.0 = Debug|Any CPU
		{37A1F636-D58D-4F05-B29E-F92691395C9A}.Release|Any CPU.ActiveCfg = Release|Any CPU
		{37A1F636-D58D-4F05-B29E-F92691395C9A}.Release|Any CPU.Build.0 = Release|Any CPU
		{FD8DAE6A-8098-4DF8-952C-1F9E320C1EBD}.Debug|Any CPU.ActiveCfg = Debug|Any CPU
		{FD8DAE6A-8098-4DF8-952C-1F9E320C1EBD}.Debug|Any CPU.Build.0 = Debug|Any CPU
		{FD8DAE6A-8098-4DF8-952C-1F9E320C1EBD}.Release|Any CPU.ActiveCfg = Release|Any CPU
		{FD8DAE6A-8098-4DF8-952C-1F9E320C1EBD}.Release|Any CPU.Build.0 = Release|Any CPU
	EndGlobalSection
	GlobalSection(SolutionProperties) = preSolution
		HideSolutionNode = FALSE
	EndGlobalSection
	GlobalSection(ExtensibilityGlobals) = postSolution
		SolutionGuid = {ACC3FD05-898B-44F5-906D-3F44D9311AB9}
	EndGlobalSection
EndGlobal
